
Microsoft Visual Studio Solution File, Format Version 12.00
# Visual Studio Version 16
VisualStudioVersion = 16.0.30413.136
MinimumVisualStudioVersion = 10.0.40219.1
Project("{FAE04EC0-301F-11D3-BF4B-00C04F79EFBC}") = "PatientProfile", "PatientProfile\PatientProfile.csproj", "{9B6454CD-8943-4504-ABC4-A77A90717DAA}"
EndProject
Project("{FAE04EC0-301F-11D3-BF4B-00C04F79EFBC}") = "PatientProfile.DbContext", "PatientProfile.DbContext\PatientProfile.DbContext.csproj", "{D88C2913-DEE7-491A-98C5-E49C56690491}"
EndProject
Global
	GlobalSection(SolutionConfigurationPlatforms) = preSolution
		Debug|Any CPU = Debug|Any CPU
		Release|Any CPU = Release|Any CPU
	EndGlobalSection
	GlobalSection(ProjectConfigurationPlatforms) = postSolution
		{9B6454CD-8943-4504-ABC4-A77A90717DAA}.Debug|Any CPU.ActiveCfg = Debug|Any CPU
		{9B6454CD-8943-4504-ABC4-A77A90717DAA}.Debug|Any CPU.Build.0 = Debug|Any CPU
		{9B6454CD-8943-4504-ABC4-A77A90717DAA}.Release|Any CPU.ActiveCfg = Release|Any CPU
		{9B6454CD-8943-4504-ABC4-A77A90717DAA}.Release|Any CPU.Build.0 = Release|Any CPU
		{D88C2913-DEE7-491A-98C5-E49C56690491}.Debug|Any CPU.ActiveCfg = Debug|Any CPU
		{D88C2913-DEE7-491A-98C5-E49C56690491}.Debug|Any CPU.Build.0 = Debug|Any CPU
		{D88C2913-DEE7-491A-98C5-E49C56690491}.Release|Any CPU.ActiveCfg = Release|Any CPU
		{D88C2913-DEE7-491A-98C5-E49C56690491}.Release|Any CPU.Build.0 = Release|Any CPU
	EndGlobalSection
	GlobalSection(SolutionProperties) = preSolution
		HideSolutionNode = FALSE
	EndGlobalSection
	GlobalSection(ExtensibilityGlobals) = postSolution
		SolutionGuid = {18762DF4-A294-4050-B861-E78DBE764D7F}
	EndGlobalSection
EndGlobal
